{
  "lockfileVersion": 1,
  "configVersion": 1,
  "workspaces": {
    "": {
      "name": "jev-trader",
      "dependencies": {
        "@ai-sdk/typesafe-ai": "^3.0.0",
        "ai": "^7.0.103",
      },
      "devDependencies": {
        "@types/bun": "latest",
        "typescript": "^5.8.3",
      },
    },
  },
  "packages": {
    "@ai-sdk/gateway": ["@ai-sdk/gateway@4.0.83", "", { "dependencies": { "@ai-sdk/provider": "4.0.16", "@ai-sdk/provider-utils": "5.0.42", "@vercel/oidc": "3.2.0" }, "peerDependencies": { "zod": "^3.25.76 || ^4.1.8" } }, "sha512-wAq7GX2Knqq7p87hSFqU+joaDN+NRZ+l0T54F7/h49Sm+hJxfEWapjw5GUn0qpNM932xIkS0Kf3U2NqgKZFa/A=="],

    "@ai-sdk/provider": ["@ai-sdk/provider@4.0.16", "", { "dependencies": { "json-schema": "^0.4.0" } }, "sha512-pppj3u2efqrL5H20uOCayE9pXRjUZWLRHpdW1b2KRCdykYlgvt/bkVPyagv1IHDhkru7vmEkOhdytRagCQjNIQ=="],

    "@ai-sdk/provider-utils": ["@ai-sdk/provider-utils@5.0.42", "", { "dependencies": { "@ai-sdk/provider": "4.0.16", "@standard-schema/spec": "^1.1.0", "@workflow/serde": "4.1.0", "eventsource-parser": "^3.0.8", "undici": "^7.29.0" }, "peerDependencies": { "zod": "^3.25.76 || ^4.1.8" } }, "sha512-e1WX26WUuZat8JW5KQ/meE0PPJV/MZPHwxS9Fcb3Q9Eo6xm5qnhLLLhpwf11mjJZAVIydDHdmC+vweMAlS6gbQ=="],

    "@ai-sdk/typesafe-ai": ["@ai-sdk/typesafe-ai@3.0.0", "", { "dependencies": { "@ai-sdk/provider": "4.0.16", "@ai-sdk/provider-utils": "5.0.42" }, "peerDependencies": { "zod": "^3.25.76 || ^4.1.8" } }, "sha512-c0l5QRTafdJu9/REl2IJzp0TlusYQfOMAc0KKsoN/e/wnzAoK6ssp1LBkGsddlHDSDgfLgMkSPelYlJpJQfwCw=="],

    "@standard-schema/spec": ["@standard-schema/spec@1.1.0", "", {}, "sha512-l2aFy5jALhniG5HgqrD6jXLi/rUWrKvqN/qJx6yoJsgKhblVd+iqqU4RCXavm/jPityDo5TCvKMnpjKnOriy0w=="],

    "@types/bun": ["@types/bun@1.4.2", "", { "dependencies": { "bun-types": "1.4.2" } }, "sha512-GimotNn7+ZV0uVArItBbriZsR1oNf0+WTzPkdcFrzShI7k2norL0uzEaJT8T33dWr7O/c9ZDuAFQrctKCi72oQ=="],

    "@types/node": ["@types/node@26.5.1", "", { "dependencies": { "undici-types": "~8.9.0" } }, "sha512-CzNm2FezW4VR/LjG6yUdiEgLE/rAQ9Slj5gCu/C2VrdcW7I0ahNZ8DRbHT7zOZ6r3ONgd/bsQIeSaoDGrd1C6g=="],

    "@vercel/oidc": ["@vercel/oidc@3.2.0", "", {}, "sha512-UycprH3T6n3jH0k44NHMa7pnFHGu/N05MjojYr+Mc6I7obkoLIJujSWwin1pCvdy/eOxrI/l3uDLQsmcrOb4ug=="],

    "@workflow/serde": ["@workflow/serde@4.1.0", "", {}, "sha512-pav4F2BoirECWR7Nf1TKt+2eETcBj7jj4cBefQ8VXQCA6NPkaKeLfj/zMgi+3zYV5ZIBT4GuUiphsj0/b9hPQQ=="],

    "ai": ["ai@7.0.103", "", { "dependencies": { "@ai-sdk/gateway": "4.0.83", "@ai-sdk/provider": "4.0.16", "@ai-sdk/provider-utils": "5.0.42" }, "peerDependencies": { "zod": "^3.25.76 || ^4.1.8" } }, "sha512-WuKq2oadMMP7L2tplq0Z3LwVhELdgTqRLSu7E5dcSte5Vk4BEhGBl0x86kKjgeH/F1RYKAy+sgjgsZONXzF6xQ=="],

    "bun-types": ["bun-types@1.4.2", "", { "dependencies": { "@types/node": "*" } }, "sha512-bxV1FgK7yBIzjRe5zBozIM4Bem11ZJcCXSrjWRG3YWLt8yFDePu4cLjpebO8OvPeIE9trbyPF4fuj3Cia4Fj3w=="],

    "eventsource-parser": ["eventsource-parser@3.1.1", "", {}, "sha512-EKN1vKAMcZ8MlYMpaNuxN6R9yakzH6uajHcHVTqWJzvu5pWw9DyhbP35HH8MVBQ+dZjAfDxk+A8NiR9KWaXiyQ=="],

    "json-schema": ["json-schema@0.4.0", "", {}, "sha512-es94M3nTIfsEPisRafak+HDLfHXnKBhV3vU5eqPcS3flIWqcxJWgXHXiey3YrpaNsanY5ei1VoYEbOzijuq9BA=="],

    "typescript": ["typescript@5.9.3", "", { "bin": { "tsc": "bin/tsc", "tsserver": "bin/tsserver" } }, "sha512-jl1vZzPDinLr9eUt3J/t7V6FgNEw9QjvBPdysz9KfQDD41fQrC2Y4vKQdiaUpFT4bXlb1RHhLpp8wtm6M5TgSw=="],

    "undici": ["undici@7.29.1", "", {}, "sha512-RYONW2MeafgYlkVOKYKkA/Ag7BmXqgIWCa8t1m0JcxrQg9pI9lEqRhAOruOBCbAohOa/gkCF+iPi9hrgvTzu6Q=="],

    "undici-types": ["undici-types@8.9.0", "", {}, "sha512-KTDyRTYX8sWmKXAikPHHSyc63CRPETMctyjKFupcC6OBLXT3xsN0e9aF7m+mIXutFWpUXuedtowG7iLOzp0kQg=="],

    "zod": ["zod@4.6.5", "", {}, "sha512-v5l/aFXZQeai4awLbOpSoHecE9UiMrnfx75tEXLjNonXVARxQ5mOeipTjROUchszUNCqnE+hqAMujRsRHsut2Q=="],
  }
}
